{
  "object": {
    "pins": [
      {
        "package": "StubbornNetwork",
        "repositoryURL": "https://github.com/q231950/the-stubborn-network.git",
        "state": {
          "branch": "master",
          "revision": "eb4724ce81582ef84280fdab13ecd29049a03ee4",
          "version": null
        }
      }
    ]
  },
  "version": 1
}
