{
  "object": {
    "pins": [
      {
        "package": "StubbornNetwork",
        "repositoryURL": "https://github.com/q231950/the-stubborn-network.git",
        "state": {
          "branch": "master",
          "revision": "7b827460bfbb8ebad8b476538a905cb6d30f1c5f",
          "version": null
        }
      }
    ]
  },
  "version": 1
}
